{
  "name": "plan2go_desktop",
  "version": "1.0.0",
  "lockfileVersion": 2,
  "requires": true,
  "packages": {
    "": {
      "name": "plan2go_desktop",
      "version": "1.0.0",
      "license": "ISC",
      "dependencies": {
        "@tauri-apps/api": "^2.0.0-alpha.6",
        "@tauri-apps/plugin-dialog": "^2.0.0-beta.0",
        "@tauri-apps/plugin-notification": "^2.0.0-beta.0",
        "@tauri-apps/plugin-updater": "^2.0.0-beta.0"
      },
      "devDependencies": {
        "@tauri-apps/cli": "^2.0.0-alpha.10",
        "internal-ip": "^8.0.0"
      }
    },
    "node_modules/@tauri-apps/api": {
      "version": "2.0.0-beta.0",
      "resolved": "https://registry.npmjs.org/@tauri-apps/api/-/api-2.0.0-beta.0.tgz",
      "integrity": "sha512-WLoh/Vk8cgY7XrJV7Vpb6PssReBZWQCATfYBb1aCRDk+sp0NyPwumx6fZ2ECAKzAcs3OeanluwZcajruIW4CPQ==",
      "engines": {
        "node": ">= 18",
        "npm": ">= 6.6.0",
        "yarn": ">= 1.19.1"
      },
      "funding": {
        "type": "opencollective",
        "url": "https://opencollective.com/tauri"
      }
    },
    "node_modules/@tauri-apps/cli": {
      "version": "2.0.0-beta.1",
      "resolved": "https://registry.npmjs.org/@tauri-apps/cli/-/cli-2.0.0-beta.1.tgz",
      "integrity": "sha512-u3AcZPdHsg9qT3e9PSD0H2IVZetQvWuBOyF81CN7/sY+AJGOli7i2d38Bj4wJs50tuMotoseiMcxuyxTlAdBnw==",
      "dev": true,
      "bin": {
        "tauri": "tauri.js"
      },
      "engines": {
        "node": ">= 10"
      },
      "funding": {
        "type": "opencollective",
        "url": "https://opencollective.com/tauri"
      },
      "optionalDependencies": {
        "@tauri-apps/cli-darwin-arm64": "2.0.0-beta.1",
        "@tauri-apps/cli-darwin-x64": "2.0.0-beta.1",
        "@tauri-apps/cli-linux-arm-gnueabihf": "2.0.0-beta.1",
        "@tauri-apps/cli-linux-arm64-gnu": "2.0.0-beta.1",
        "@tauri-apps/cli-linux-arm64-musl": "2.0.0-beta.1",
        "@tauri-apps/cli-linux-x64-gnu": "2.0.0-beta.1",
        "@tauri-apps/cli-linux-x64-musl": "2.0.0-beta.1",
        "@tauri-apps/cli-win32-arm64-msvc": "2.0.0-beta.1",
        "@tauri-apps/cli-win32-ia32-msvc": "2.0.0-beta.1",
        "@tauri-apps/cli-win32-x64-msvc": "2.0.0-beta.1"
      }
    },
    "node_modules/@tauri-apps/cli-darwin-arm64": {
      "version": "2.0.0-beta.1",
      "resolved": "https://registry.npmjs.org/@tauri-apps/cli-darwin-arm64/-/cli-darwin-arm64-2.0.0-beta.1.tgz",
      "integrity": "sha512-d71utEr9H3fXAI6nKPaPuINpnvMQn+UIscOTzTMcrmIDqptOO0ix8z6C3HSvNxV0OjtlxzNJGWwOb24U0OYrgw==",
      "cpu": [
        "arm64"
      ],
      "dev": true,
      "optional": true,
      "os": [
        "darwin"
      ],
      "engines": {
        "node": ">= 10"
      }
    },
    "node_modules/@tauri-apps/cli-darwin-x64": {
      "version": "2.0.0-beta.1",
      "resolved": "https://registry.npmjs.org/@tauri-apps/cli-darwin-x64/-/cli-darwin-x64-2.0.0-beta.1.tgz",
      "integrity": "sha512-bzsWZjQt5NG1uhbDTGw8Hmvm+J1d+9J7HXMMMwQc4E3kBns95sr4bIoXvgIq3cZYS4uyZOvdhEdjkSGg1c65Lg==",
      "cpu": [
        "x64"
      ],
      "dev": true,
      "optional": true,
      "os": [
        "darwin"
      ],
      "engines": {
        "node": ">= 10"
      }
    },
    "node_modules/@tauri-apps/cli-linux-arm-gnueabihf": {
      "version": "2.0.0-beta.1",
      "resolved": "https://registry.npmjs.org/@tauri-apps/cli-linux-arm-gnueabihf/-/cli-linux-arm-gnueabihf-2.0.0-beta.1.tgz",
      "integrity": "sha512-FMnZpk4a5D9QgZKkT00P3f4CHEZFpn/b+pWfZJ7vxCdir+Cc1eKOHiqhvmMBEeLlYlQFBaYeAK0EaZWnN82ZJA==",
      "cpu": [
        "arm"
      ],
      "dev": true,
      "optional": true,
      "os": [
        "linux"
      ],
      "engines": {
        "node": ">= 10"
      }
    },
    "node_modules/@tauri-apps/cli-linux-arm64-gnu": {
      "version": "2.0.0-beta.1",
      "resolved": "https://registry.npmjs.org/@tauri-apps/cli-linux-arm64-gnu/-/cli-linux-arm64-gnu-2.0.0-beta.1.tgz",
      "integrity": "sha512-0kE65P+6ppeAOFsJV6av5VhkjDv1dcHkObErpjJHpwYowuC3aqaCCnH3biR9gNvcoVUXsCwmMA/BkxUpq9W9/g==",
      "cpu": [
        "arm64"
      ],
      "dev": true,
      "optional": true,
      "os": [
        "linux"
      ],
      "engines": {
        "node": ">= 10"
      }
    },
    "node_modules/@tauri-apps/cli-linux-arm64-musl": {
      "version": "2.0.0-beta.1",
      "resolved": "https://registry.npmjs.org/@tauri-apps/cli-linux-arm64-musl/-/cli-linux-arm64-musl-2.0.0-beta.1.tgz",
      "integrity": "sha512-Wsj1eSrrAVeuFQWJq1gVIA78I8JM50fEsxbrMAOf89ZXpCYxJTNCJkyRQyLB+yHhv9nmhA3a1Mmr5ubhRETy1Q==",
      "cpu": [
        "arm64"
      ],
      "dev": true,
      "optional": true,
      "os": [
        "linux"
      ],
      "engines": {
        "node": ">= 10"
      }
    },
    "node_modules/@tauri-apps/cli-linux-x64-gnu": {
      "version": "2.0.0-beta.1",
      "resolved": "https://registry.npmjs.org/@tauri-apps/cli-linux-x64-gnu/-/cli-linux-x64-gnu-2.0.0-beta.1.tgz",
      "integrity": "sha512-LkzLJWg+ud2gWuq8yAWJ3Sahrp79Vbd2Cotbm/RbfMi7RbRV8TQYj4zfUhyFJVnk4nF89kTnwfNxLdTw67CAOw==",
      "cpu": [
        "x64"
      ],
      "dev": true,
      "optional": true,
      "os": [
        "linux"
      ],
      "engines": {
        "node": ">= 10"
      }
    },
    "node_modules/@tauri-apps/cli-linux-x64-musl": {
      "version": "2.0.0-beta.1",
      "resolved": "https://registry.npmjs.org/@tauri-apps/cli-linux-x64-musl/-/cli-linux-x64-musl-2.0.0-beta.1.tgz",
      "integrity": "sha512-Ro3PuLSNEZAw9/Rc2CP3k9P7LaUQ2TOFXJeW6G4aCXrd0MlJwlGhhjdZuLbmgzD1rda4dSpZGJPhbYvu8YD7eQ==",
      "cpu": [
        "x64"
      ],
      "dev": true,
      "optional": true,
      "os": [
        "linux"
      ],
      "engines": {
        "node": ">= 10"
      }
    },
    "node_modules/@tauri-apps/cli-win32-arm64-msvc": {
      "version": "2.0.0-beta.1",
      "resolved": "https://registry.npmjs.org/@tauri-apps/cli-win32-arm64-msvc/-/cli-win32-arm64-msvc-2.0.0-beta.1.tgz",
      "integrity": "sha512-SWNF+5B+lBbW/Kq1wTMVG9x97PqJUOo8eWAr/nlMm3J0lYbTWAa8/ScibaPjq82HiPhv8WCJXlcO6FEqWCoJ2A==",
      "cpu": [
        "arm64"
      ],
      "dev": true,
      "optional": true,
      "os": [
        "win32"
      ],
      "engines": {
        "node": ">= 10"
      }
    },
    "node_modules/@tauri-apps/cli-win32-ia32-msvc": {
      "version": "2.0.0-beta.1",
      "resolved": "https://registry.npmjs.org/@tauri-apps/cli-win32-ia32-msvc/-/cli-win32-ia32-msvc-2.0.0-beta.1.tgz",
      "integrity": "sha512-NvfP16fSlfq6GLHJH+gAxEsJn+Jvz3HoxMTLxAg7Ra0ycMODFu4xbNn6Hp7Djn297qTHHLYDva4Np6Whw5DUlQ==",
      "cpu": [
        "ia32"
      ],
      "dev": true,
      "optional": true,
      "os": [
        "win32"
      ],
      "engines": {
        "node": ">= 10"
      }
    },
    "node_modules/@tauri-apps/cli-win32-x64-msvc": {
      "version": "2.0.0-beta.1",
      "resolved": "https://registry.npmjs.org/@tauri-apps/cli-win32-x64-msvc/-/cli-win32-x64-msvc-2.0.0-beta.1.tgz",
      "integrity": "sha512-9TKbDQyVHW0p1a7aXQEKg+MhCyFMpzD26puLKOxbTPiTcRUR4lUFq5Bhf1VR5ihoqnZNhJEtuR1mA16ZrIkuKQ==",
      "cpu": [
        "x64"
      ],
      "dev": true,
      "optional": true,
      "os": [
        "win32"
      ],
      "engines": {
        "node": ">= 10"
      }
    },
    "node_modules/@tauri-apps/plugin-dialog": {
      "version": "2.0.0-beta.0",
      "resolved": "https://registry.npmjs.org/@tauri-apps/plugin-dialog/-/plugin-dialog-2.0.0-beta.0.tgz",
      "integrity": "sha512-cNxiBwGB6Xgnwy5GyAabwPyvm1iaC7MmrgzcUwB1JaydLjp/Yu3Z0TmkmmEClFrrvIQA+sMcq0C8wwv6i4aedw==",
      "dependencies": {
        "@tauri-apps/api": "2.0.0-beta.0"
      }
    },
    "node_modules/@tauri-apps/plugin-notification": {
      "version": "2.0.0-beta.0",
      "resolved": "https://registry.npmjs.org/@tauri-apps/plugin-notification/-/plugin-notification-2.0.0-beta.0.tgz",
      "integrity": "sha512-yYlsm18t1wfZ9Zxg/8WBEgrgJLaapvEysa2gS6YAVB1D/ob8qMSeVgFY1NdJbIM7UpgB8w/xp0DTR+5RQyLNhg==",
      "dependencies": {
        "@tauri-apps/api": "2.0.0-beta.0"
      }
    },
    "node_modules/@tauri-apps/plugin-updater": {
      "version": "2.0.0-beta.0",
      "resolved": "https://registry.npmjs.org/@tauri-apps/plugin-updater/-/plugin-updater-2.0.0-beta.0.tgz",
      "integrity": "sha512-TkKzngrgg8dQOr869OcObLdN10yXNiT/ERQp7sRYvV0vMpRJhYSIwTkpF+UkZGuEXtSqqE0FJEnb+4WuCelMdw==",
      "dependencies": {
        "@tauri-apps/api": "2.0.0-beta.0"
      }
    },
    "node_modules/cidr-regex": {
      "version": "4.0.3",
      "resolved": "https://registry.npmjs.org/cidr-regex/-/cidr-regex-4.0.3.tgz",
      "integrity": "sha512-HOwDIy/rhKeMf6uOzxtv7FAbrz8zPjmVKfSpM+U7/bNBXC5rtOyr758jxcptiSx6ZZn5LOhPJT5WWxPAGDV8dw==",
      "dev": true,
      "dependencies": {
        "ip-regex": "^5.0.0"
      },
      "engines": {
        "node": ">=14"
      }
    },
    "node_modules/cidr-tools": {
      "version": "6.4.2",
      "resolved": "https://registry.npmjs.org/cidr-tools/-/cidr-tools-6.4.2.tgz",
      "integrity": "sha512-KZC8t2ipCqU2M+ISmTxRDGu9bku5MRU3V1cWyGEFJTZEzRhGvBJvVsbpZO5UAu12fExRFihtYGXAlgFFpmK9jw==",
      "dev": true,
      "dependencies": {
        "cidr-regex": "4.0.3",
        "ip-bigint": "7.3.0",
        "ip-regex": "5.0.0",
        "string-natural-compare": "3.0.1"
      },
      "engines": {
        "node": ">=16"
      }
    },
    "node_modules/clone-regexp": {
      "version": "3.0.0",
      "resolved": "https://registry.npmjs.org/clone-regexp/-/clone-regexp-3.0.0.tgz",
      "integrity": "sha512-ujdnoq2Kxb8s3ItNBtnYeXdm07FcU0u8ARAT1lQ2YdMwQC+cdiXX8KoqMVuglztILivceTtp4ivqGSmEmhBUJw==",
      "dev": true,
      "dependencies": {
        "is-regexp": "^3.0.0"
      },
      "engines": {
        "node": ">=12"
      },
      "funding": {
        "url": "https://github.com/sponsors/sindresorhus"
      }
    },
    "node_modules/convert-hrtime": {
      "version": "5.0.0",
      "resolved": "https://registry.npmjs.org/convert-hrtime/-/convert-hrtime-5.0.0.tgz",
      "integrity": "sha512-lOETlkIeYSJWcbbcvjRKGxVMXJR+8+OQb/mTPbA4ObPMytYIsUbuOE0Jzy60hjARYszq1id0j8KgVhC+WGZVTg==",
      "dev": true,
      "engines": {
        "node": ">=12"
      },
      "funding": {
        "url": "https://github.com/sponsors/sindresorhus"
      }
    },
    "node_modules/cross-spawn": {
      "version": "7.0.3",
      "resolved": "https://registry.npmjs.org/cross-spawn/-/cross-spawn-7.0.3.tgz",
      "integrity": "sha512-iRDPJKUPVEND7dHPO8rkbOnPpyDygcDFtWjpeWNCgy8WP2rXcxXL8TskReQl6OrB2G7+UJrags1q15Fudc7G6w==",
      "dev": true,
      "dependencies": {
        "path-key": "^3.1.0",
        "shebang-command": "^2.0.0",
        "which": "^2.0.1"
      },
      "engines": {
        "node": ">= 8"
      }
    },
    "node_modules/default-gateway": {
      "version": "7.2.2",
      "resolved": "https://registry.npmjs.org/default-gateway/-/default-gateway-7.2.2.tgz",
      "integrity": "sha512-AD7TrdNNPXRZIGw63dw+lnGmT4v7ggZC5NHNJgAYWm5njrwoze1q5JSAW9YuLy2tjnoLUG/r8FEB93MCh9QJPg==",
      "dev": true,
      "dependencies": {
        "execa": "^7.1.1"
      },
      "engines": {
        "node": ">= 16"
      }
    },
    "node_modules/execa": {
      "version": "7.2.0",
      "resolved": "https://registry.npmjs.org/execa/-/execa-7.2.0.tgz",
      "integrity": "sha512-UduyVP7TLB5IcAQl+OzLyLcS/l32W/GLg+AhHJ+ow40FOk2U3SAllPwR44v4vmdFwIWqpdwxxpQbF1n5ta9seA==",
      "dev": true,
      "dependencies": {
        "cross-spawn": "^7.0.3",
        "get-stream": "^6.0.1",
        "human-signals": "^4.3.0",
        "is-stream": "^3.0.0",
        "merge-stream": "^2.0.0",
        "npm-run-path": "^5.1.0",
        "onetime": "^6.0.0",
        "signal-exit": "^3.0.7",
        "strip-final-newline": "^3.0.0"
      },
      "engines": {
        "node": "^14.18.0 || ^16.14.0 || >=18.0.0"
      },
      "funding": {
        "url": "https://github.com/sindresorhus/execa?sponsor=1"
      }
    },
    "node_modules/function-timeout": {
      "version": "0.1.1",
      "resolved": "https://registry.npmjs.org/function-timeout/-/function-timeout-0.1.1.tgz",
      "integrity": "sha512-0NVVC0TaP7dSTvn1yMiy6d6Q8gifzbvQafO46RtLG/kHJUBNd+pVRGOBoK44wNBvtSPUJRfdVvkFdD3p0xvyZg==",
      "dev": true,
      "engines": {
        "node": ">=14.16"
      },
      "funding": {
        "url": "https://github.com/sponsors/sindresorhus"
      }
    },
    "node_modules/get-stream": {
      "version": "6.0.1",
      "resolved": "https://registry.npmjs.org/get-stream/-/get-stream-6.0.1.tgz",
      "integrity": "sha512-ts6Wi+2j3jQjqi70w5AlN8DFnkSwC+MqmxEzdEALB2qXZYV3X/b1CTfgPLGJNMeAWxdPfU8FO1ms3NUfaHCPYg==",
      "dev": true,
      "engines": {
        "node": ">=10"
      },
      "funding": {
        "url": "https://github.com/sponsors/sindresorhus"
      }
    },
    "node_modules/human-signals": {
      "version": "4.3.1",
      "resolved": "https://registry.npmjs.org/human-signals/-/human-signals-4.3.1.tgz",
      "integrity": "sha512-nZXjEF2nbo7lIw3mgYjItAfgQXog3OjJogSbKa2CQIIvSGWcKgeJnQlNXip6NglNzYH45nSRiEVimMvYL8DDqQ==",
      "dev": true,
      "engines": {
        "node": ">=14.18.0"
      }
    },
    "node_modules/internal-ip": {
      "version": "8.0.0",
      "resolved": "https://registry.npmjs.org/internal-ip/-/internal-ip-8.0.0.tgz",
      "integrity": "sha512-e6c3zxr9COnnc29PIz9LffmALOt0XhIJdR7f83DyHcQksL3B40KGmU3Sr1lrHja3i7Zyqo+AbwKZ+nZiMvg/OA==",
      "dev": true,
      "dependencies": {
        "cidr-tools": "^6.4.1",
        "default-gateway": "^7.2.2",
        "is-ip": "^5.0.0",
        "p-event": "^5.0.1"
      },
      "engines": {
        "node": ">=16"
      },
      "funding": {
        "url": "https://github.com/sindresorhus/internal-ip?sponsor=1"
      }
    },
    "node_modules/ip-bigint": {
      "version": "7.3.0",
      "resolved": "https://registry.npmjs.org/ip-bigint/-/ip-bigint-7.3.0.tgz",
      "integrity": "sha512-2qVAe0Q9+Y+5nGvmogwK9y4kefD5Ks5l/IG0Jo1lhU9gIF34jifhqrwXwzkIl+LC594Q6SyAlngs4p890xsXVw==",
      "dev": true,
      "engines": {
        "node": ">=16"
      }
    },
    "node_modules/ip-regex": {
      "version": "5.0.0",
      "resolved": "https://registry.npmjs.org/ip-regex/-/ip-regex-5.0.0.tgz",
      "integrity": "sha512-fOCG6lhoKKakwv+C6KdsOnGvgXnmgfmp0myi3bcNwj3qfwPAxRKWEuFhvEFF7ceYIz6+1jRZ+yguLFAmUNPEfw==",
      "dev": true,
      "engines": {
        "node": "^12.20.0 || ^14.13.1 || >=16.0.0"
      },
      "funding": {
        "url": "https://github.com/sponsors/sindresorhus"
      }
    },
    "node_modules/is-ip": {
      "version": "5.0.1",
      "resolved": "https://registry.npmjs.org/is-ip/-/is-ip-5.0.1.tgz",
      "integrity": "sha512-FCsGHdlrOnZQcp0+XT5a+pYowf33itBalCl+7ovNXC/7o5BhIpG14M3OrpPPdBSIQJCm+0M5+9mO7S9VVTTCFw==",
      "dev": true,
      "dependencies": {
        "ip-regex": "^5.0.0",
        "super-regex": "^0.2.0"
      },
      "engines": {
        "node": ">=14.16"
      },
      "funding": {
        "url": "https://github.com/sponsors/sindresorhus"
      }
    },
    "node_modules/is-regexp": {
      "version": "3.1.0",
      "resolved": "https://registry.npmjs.org/is-regexp/-/is-regexp-3.1.0.tgz",
      "integrity": "sha512-rbku49cWloU5bSMI+zaRaXdQHXnthP6DZ/vLnfdSKyL4zUzuWnomtOEiZZOd+ioQ+avFo/qau3KPTc7Fjy1uPA==",
      "dev": true,
      "engines": {
        "node": ">=12"
      },
      "funding": {
        "url": "https://github.com/sponsors/sindresorhus"
      }
    },
    "node_modules/is-stream": {
      "version": "3.0.0",
      "resolved": "https://registry.npmjs.org/is-stream/-/is-stream-3.0.0.tgz",
      "integrity": "sha512-LnQR4bZ9IADDRSkvpqMGvt/tEJWclzklNgSw48V5EAaAeDd6qGvN8ei6k5p0tvxSR171VmGyHuTiAOfxAbr8kA==",
      "dev": true,
      "engines": {
        "node": "^12.20.0 || ^14.13.1 || >=16.0.0"
      },
      "funding": {
        "url": "https://github.com/sponsors/sindresorhus"
      }
    },
    "node_modules/isexe": {
      "version": "2.0.0",
      "resolved": "https://registry.npmjs.org/isexe/-/isexe-2.0.0.tgz",
      "integrity": "sha512-RHxMLp9lnKHGHRng9QFhRCMbYAcVpn69smSGcq3f36xjgVVWThj4qqLbTLlq7Ssj8B+fIQ1EuCEGI2lKsyQeIw==",
      "dev": true
    },
    "node_modules/merge-stream": {
      "version": "2.0.0",
      "resolved": "https://registry.npmjs.org/merge-stream/-/merge-stream-2.0.0.tgz",
      "integrity": "sha512-abv/qOcuPfk3URPfDzmZU1LKmuw8kT+0nIHvKrKgFrwifol/doWcdA4ZqsWQ8ENrFKkd67Mfpo/LovbIUsbt3w==",
      "dev": true
    },
    "node_modules/mimic-fn": {
      "version": "4.0.0",
      "resolved": "https://registry.npmjs.org/mimic-fn/-/mimic-fn-4.0.0.tgz",
      "integrity": "sha512-vqiC06CuhBTUdZH+RYl8sFrL096vA45Ok5ISO6sE/Mr1jRbGH4Csnhi8f3wKVl7x8mO4Au7Ir9D3Oyv1VYMFJw==",
      "dev": true,
      "engines": {
        "node": ">=12"
      },
      "funding": {
        "url": "https://github.com/sponsors/sindresorhus"
      }
    },
    "node_modules/npm-run-path": {
      "version": "5.2.0",
      "resolved": "https://registry.npmjs.org/npm-run-path/-/npm-run-path-5.2.0.tgz",
      "integrity": "sha512-W4/tgAXFqFA0iL7fk0+uQ3g7wkL8xJmx3XdK0VGb4cHW//eZTtKGvFBBoRKVTpY7n6ze4NL9ly7rgXcHufqXKg==",
      "dev": true,
      "dependencies": {
        "path-key": "^4.0.0"
      },
      "engines": {
        "node": "^12.20.0 || ^14.13.1 || >=16.0.0"
      },
      "funding": {
        "url": "https://github.com/sponsors/sindresorhus"
      }
    },
    "node_modules/npm-run-path/node_modules/path-key": {
      "version": "4.0.0",
      "resolved": "https://registry.npmjs.org/path-key/-/path-key-4.0.0.tgz",
      "integrity": "sha512-haREypq7xkM7ErfgIyA0z+Bj4AGKlMSdlQE2jvJo6huWD1EdkKYV+G/T4nq0YEF2vgTT8kqMFKo1uHn950r4SQ==",
      "dev": true,
      "engines": {
        "node": ">=12"
      },
      "funding": {
        "url": "https://github.com/sponsors/sindresorhus"
      }
    },
    "node_modules/onetime": {
      "version": "6.0.0",
      "resolved": "https://registry.npmjs.org/onetime/-/onetime-6.0.0.tgz",
      "integrity": "sha512-1FlR+gjXK7X+AsAHso35MnyN5KqGwJRi/31ft6x0M194ht7S+rWAvd7PHss9xSKMzE0asv1pyIHaJYq+BbacAQ==",
      "dev": true,
      "dependencies": {
        "mimic-fn": "^4.0.0"
      },
      "engines": {
        "node": ">=12"
      },
      "funding": {
        "url": "https://github.com/sponsors/sindresorhus"
      }
    },
    "node_modules/p-event": {
      "version": "5.0.1",
      "resolved": "https://registry.npmjs.org/p-event/-/p-event-5.0.1.tgz",
      "integrity": "sha512-dd589iCQ7m1L0bmC5NLlVYfy3TbBEsMUfWx9PyAgPeIcFZ/E2yaTZ4Rz4MiBmmJShviiftHVXOqfnfzJ6kyMrQ==",
      "dev": true,
      "dependencies": {
        "p-timeout": "^5.0.2"
      },
      "engines": {
        "node": "^12.20.0 || ^14.13.1 || >=16.0.0"
      },
      "funding": {
        "url": "https://github.com/sponsors/sindresorhus"
      }
    },
    "node_modules/p-timeout": {
      "version": "5.1.0",
      "resolved": "https://registry.npmjs.org/p-timeout/-/p-timeout-5.1.0.tgz",
      "integrity": "sha512-auFDyzzzGZZZdHz3BtET9VEz0SE/uMEAx7uWfGPucfzEwwe/xH0iVeZibQmANYE/hp9T2+UUZT5m+BKyrDp3Ew==",
      "dev": true,
      "engines": {
        "node": ">=12"
      },
      "funding": {
        "url": "https://github.com/sponsors/sindresorhus"
      }
    },
    "node_modules/path-key": {
      "version": "3.1.1",
      "resolved": "https://registry.npmjs.org/path-key/-/path-key-3.1.1.tgz",
      "integrity": "sha512-ojmeN0qd+y0jszEtoY48r0Peq5dwMEkIlCOu6Q5f41lfkswXuKtYrhgoTpLnyIcHm24Uhqx+5Tqm2InSwLhE6Q==",
      "dev": true,
      "engines": {
        "node": ">=8"
      }
    },
    "node_modules/shebang-command": {
      "version": "2.0.0",
      "resolved": "https://registry.npmjs.org/shebang-command/-/shebang-command-2.0.0.tgz",
      "integrity": "sha512-kHxr2zZpYtdmrN1qDjrrX/Z1rR1kG8Dx+gkpK1G4eXmvXswmcE1hTWBWYUzlraYw1/yZp6YuDY77YtvbN0dmDA==",
      "dev": true,
      "dependencies": {
        "shebang-regex": "^3.0.0"
      },
      "engines": {
        "node": ">=8"
      }
    },
    "node_modules/shebang-regex": {
      "version": "3.0.0",
      "resolved": "https://registry.npmjs.org/shebang-regex/-/shebang-regex-3.0.0.tgz",
      "integrity": "sha512-7++dFhtcx3353uBaq8DDR4NuxBetBzC7ZQOhmTQInHEd6bSrXdiEyzCvG07Z44UYdLShWUyXt5M/yhz8ekcb1A==",
      "dev": true,
      "engines": {
        "node": ">=8"
      }
    },
    "node_modules/signal-exit": {
      "version": "3.0.7",
      "resolved": "https://registry.npmjs.org/signal-exit/-/signal-exit-3.0.7.tgz",
      "integrity": "sha512-wnD2ZE+l+SPC/uoS0vXeE9L1+0wuaMqKlfz9AMUo38JsyLSBWSFcHR1Rri62LZc12vLr1gb3jl7iwQhgwpAbGQ==",
      "dev": true
    },
    "node_modules/string-natural-compare": {
      "version": "3.0.1",
      "resolved": "https://registry.npmjs.org/string-natural-compare/-/string-natural-compare-3.0.1.tgz",
      "integrity": "sha512-n3sPwynL1nwKi3WJ6AIsClwBMa0zTi54fn2oLU6ndfTSIO05xaznjSf15PcBZU6FNWbmN5Q6cxT4V5hGvB4taw==",
      "dev": true
    },
    "node_modules/strip-final-newline": {
      "version": "3.0.0",
      "resolved": "https://registry.npmjs.org/strip-final-newline/-/strip-final-newline-3.0.0.tgz",
      "integrity": "sha512-dOESqjYr96iWYylGObzd39EuNTa5VJxyvVAEm5Jnh7KGo75V43Hk1odPQkNDyXNmUR6k+gEiDVXnjB8HJ3crXw==",
      "dev": true,
      "engines": {
        "node": ">=12"
      },
      "funding": {
        "url": "https://github.com/sponsors/sindresorhus"
      }
    },
    "node_modules/super-regex": {
      "version": "0.2.0",
      "resolved": "https://registry.npmjs.org/super-regex/-/super-regex-0.2.0.tgz",
      "integrity": "sha512-WZzIx3rC1CvbMDloLsVw0lkZVKJWbrkJ0k1ghKFmcnPrW1+jWbgTkTEWVtD9lMdmI4jZEz40+naBxl1dCUhXXw==",
      "dev": true,
      "dependencies": {
        "clone-regexp": "^3.0.0",
        "function-timeout": "^0.1.0",
        "time-span": "^5.1.0"
      },
      "engines": {
        "node": ">=14.16"
      },
      "funding": {
        "url": "https://github.com/sponsors/sindresorhus"
      }
    },
    "node_modules/time-span": {
      "version": "5.1.0",
      "resolved": "https://registry.npmjs.org/time-span/-/time-span-5.1.0.tgz",
      "integrity": "sha512-75voc/9G4rDIJleOo4jPvN4/YC4GRZrY8yy1uU4lwrB3XEQbWve8zXoO5No4eFrGcTAMYyoY67p8jRQdtA1HbA==",
      "dev": true,
      "dependencies": {
        "convert-hrtime": "^5.0.0"
      },
      "engines": {
        "node": ">=12"
      },
      "funding": {
        "url": "https://github.com/sponsors/sindresorhus"
      }
    },
    "node_modules/which": {
      "version": "2.0.2",
      "resolved": "https://registry.npmjs.org/which/-/which-2.0.2.tgz",
      "integrity": "sha512-BLI3Tl1TW3Pvl70l3yq3Y64i+awpwXqsGBYWkkqMtnbXgrMD+yj7rhW0kuEDxzJaYXGjEW5ogapKNMEKNMjibA==",
      "dev": true,
      "dependencies": {
        "isexe": "^2.0.0"
      },
      "bin": {
        "node-which": "bin/node-which"
      },
      "engines": {
        "node": ">= 8"
      }
    }
  },
  "dependencies": {
    "@tauri-apps/api": {
      "version": "2.0.0-beta.0",
      "resolved": "https://registry.npmjs.org/@tauri-apps/api/-/api-2.0.0-beta.0.tgz",
      "integrity": "sha512-WLoh/Vk8cgY7XrJV7Vpb6PssReBZWQCATfYBb1aCRDk+sp0NyPwumx6fZ2ECAKzAcs3OeanluwZcajruIW4CPQ=="
    },
    "@tauri-apps/cli": {
      "version": "2.0.0-beta.1",
      "resolved": "https://registry.npmjs.org/@tauri-apps/cli/-/cli-2.0.0-beta.1.tgz",
      "integrity": "sha512-u3AcZPdHsg9qT3e9PSD0H2IVZetQvWuBOyF81CN7/sY+AJGOli7i2d38Bj4wJs50tuMotoseiMcxuyxTlAdBnw==",
      "dev": true,
      "requires": {
        "@tauri-apps/cli-darwin-arm64": "2.0.0-beta.1",
        "@tauri-apps/cli-darwin-x64": "2.0.0-beta.1",
        "@tauri-apps/cli-linux-arm-gnueabihf": "2.0.0-beta.1",
        "@tauri-apps/cli-linux-arm64-gnu": "2.0.0-beta.1",
        "@tauri-apps/cli-linux-arm64-musl": "2.0.0-beta.1",
        "@tauri-apps/cli-linux-x64-gnu": "2.0.0-beta.1",
        "@tauri-apps/cli-linux-x64-musl": "2.0.0-beta.1",
        "@tauri-apps/cli-win32-arm64-msvc": "2.0.0-beta.1",
        "@tauri-apps/cli-win32-ia32-msvc": "2.0.0-beta.1",
        "@tauri-apps/cli-win32-x64-msvc": "2.0.0-beta.1"
      }
    },
    "@tauri-apps/cli-darwin-arm64": {
      "version": "2.0.0-beta.1",
      "resolved": "https://registry.npmjs.org/@tauri-apps/cli-darwin-arm64/-/cli-darwin-arm64-2.0.0-beta.1.tgz",
      "integrity": "sha512-d71utEr9H3fXAI6nKPaPuINpnvMQn+UIscOTzTMcrmIDqptOO0ix8z6C3HSvNxV0OjtlxzNJGWwOb24U0OYrgw==",
      "dev": true,
      "optional": true
    },
    "@tauri-apps/cli-darwin-x64": {
      "version": "2.0.0-beta.1",
      "resolved": "https://registry.npmjs.org/@tauri-apps/cli-darwin-x64/-/cli-darwin-x64-2.0.0-beta.1.tgz",
      "integrity": "sha512-bzsWZjQt5NG1uhbDTGw8Hmvm+J1d+9J7HXMMMwQc4E3kBns95sr4bIoXvgIq3cZYS4uyZOvdhEdjkSGg1c65Lg==",
      "dev": true,
      "optional": true
    },
    "@tauri-apps/cli-linux-arm-gnueabihf": {
      "version": "2.0.0-beta.1",
      "resolved": "https://registry.npmjs.org/@tauri-apps/cli-linux-arm-gnueabihf/-/cli-linux-arm-gnueabihf-2.0.0-beta.1.tgz",
      "integrity": "sha512-FMnZpk4a5D9QgZKkT00P3f4CHEZFpn/b+pWfZJ7vxCdir+Cc1eKOHiqhvmMBEeLlYlQFBaYeAK0EaZWnN82ZJA==",
      "dev": true,
      "optional": true
    },
    "@tauri-apps/cli-linux-arm64-gnu": {
      "version": "2.0.0-beta.1",
      "resolved": "https://registry.npmjs.org/@tauri-apps/cli-linux-arm64-gnu/-/cli-linux-arm64-gnu-2.0.0-beta.1.tgz",
      "integrity": "sha512-0kE65P+6ppeAOFsJV6av5VhkjDv1dcHkObErpjJHpwYowuC3aqaCCnH3biR9gNvcoVUXsCwmMA/BkxUpq9W9/g==",
      "dev": true,
      "optional": true
    },
    "@tauri-apps/cli-linux-arm64-musl": {
      "version": "2.0.0-beta.1",
      "resolved": "https://registry.npmjs.org/@tauri-apps/cli-linux-arm64-musl/-/cli-linux-arm64-musl-2.0.0-beta.1.tgz",
      "integrity": "sha512-Wsj1eSrrAVeuFQWJq1gVIA78I8JM50fEsxbrMAOf89ZXpCYxJTNCJkyRQyLB+yHhv9nmhA3a1Mmr5ubhRETy1Q==",
      "dev": true,
      "optional": true
    },
    "@tauri-apps/cli-linux-x64-gnu": {
      "version": "2.0.0-beta.1",
      "resolved": "https://registry.npmjs.org/@tauri-apps/cli-linux-x64-gnu/-/cli-linux-x64-gnu-2.0.0-beta.1.tgz",
      "integrity": "sha512-LkzLJWg+ud2gWuq8yAWJ3Sahrp79Vbd2Cotbm/RbfMi7RbRV8TQYj4zfUhyFJVnk4nF89kTnwfNxLdTw67CAOw==",
      "dev": true,
      "optional": true
    },
    "@tauri-apps/cli-linux-x64-musl": {
      "version": "2.0.0-beta.1",
      "resolved": "https://registry.npmjs.org/@tauri-apps/cli-linux-x64-musl/-/cli-linux-x64-musl-2.0.0-beta.1.tgz",
      "integrity": "sha512-Ro3PuLSNEZAw9/Rc2CP3k9P7LaUQ2TOFXJeW6G4aCXrd0MlJwlGhhjdZuLbmgzD1rda4dSpZGJPhbYvu8YD7eQ==",
      "dev": true,
      "optional": true
    },
    "@tauri-apps/cli-win32-arm64-msvc": {
      "version": "2.0.0-beta.1",
      "resolved": "https://registry.npmjs.org/@tauri-apps/cli-win32-arm64-msvc/-/cli-win32-arm64-msvc-2.0.0-beta.1.tgz",
      "integrity": "sha512-SWNF+5B+lBbW/Kq1wTMVG9x97PqJUOo8eWAr/nlMm3J0lYbTWAa8/ScibaPjq82HiPhv8WCJXlcO6FEqWCoJ2A==",
      "dev": true,
      "optional": true
    },
    "@tauri-apps/cli-win32-ia32-msvc": {
      "version": "2.0.0-beta.1",
      "resolved": "https://registry.npmjs.org/@tauri-apps/cli-win32-ia32-msvc/-/cli-win32-ia32-msvc-2.0.0-beta.1.tgz",
      "integrity": "sha512-NvfP16fSlfq6GLHJH+gAxEsJn+Jvz3HoxMTLxAg7Ra0ycMODFu4xbNn6Hp7Djn297qTHHLYDva4Np6Whw5DUlQ==",
      "dev": true,
      "optional": true
    },
    "@tauri-apps/cli-win32-x64-msvc": {
      "version": "2.0.0-beta.1",
      "resolved": "https://registry.npmjs.org/@tauri-apps/cli-win32-x64-msvc/-/cli-win32-x64-msvc-2.0.0-beta.1.tgz",
      "integrity": "sha512-9TKbDQyVHW0p1a7aXQEKg+MhCyFMpzD26puLKOxbTPiTcRUR4lUFq5Bhf1VR5ihoqnZNhJEtuR1mA16ZrIkuKQ==",
      "dev": true,
      "optional": true
    },
    "@tauri-apps/plugin-dialog": {
      "version": "2.0.0-beta.0",
      "resolved": "https://registry.npmjs.org/@tauri-apps/plugin-dialog/-/plugin-dialog-2.0.0-beta.0.tgz",
      "integrity": "sha512-cNxiBwGB6Xgnwy5GyAabwPyvm1iaC7MmrgzcUwB1JaydLjp/Yu3Z0TmkmmEClFrrvIQA+sMcq0C8wwv6i4aedw==",
      "requires": {
        "@tauri-apps/api": "2.0.0-beta.0"
      }
    },
    "@tauri-apps/plugin-notification": {
      "version": "2.0.0-beta.0",
      "resolved": "https://registry.npmjs.org/@tauri-apps/plugin-notification/-/plugin-notification-2.0.0-beta.0.tgz",
      "integrity": "sha512-yYlsm18t1wfZ9Zxg/8WBEgrgJLaapvEysa2gS6YAVB1D/ob8qMSeVgFY1NdJbIM7UpgB8w/xp0DTR+5RQyLNhg==",
      "requires": {
        "@tauri-apps/api": "2.0.0-beta.0"
      }
    },
    "@tauri-apps/plugin-updater": {
      "version": "2.0.0-beta.0",
      "resolved": "https://registry.npmjs.org/@tauri-apps/plugin-updater/-/plugin-updater-2.0.0-beta.0.tgz",
      "integrity": "sha512-TkKzngrgg8dQOr869OcObLdN10yXNiT/ERQp7sRYvV0vMpRJhYSIwTkpF+UkZGuEXtSqqE0FJEnb+4WuCelMdw==",
      "requires": {
        "@tauri-apps/api": "2.0.0-beta.0"
      }
    },
    "cidr-regex": {
      "version": "4.0.3",
      "resolved": "https://registry.npmjs.org/cidr-regex/-/cidr-regex-4.0.3.tgz",
      "integrity": "sha512-HOwDIy/rhKeMf6uOzxtv7FAbrz8zPjmVKfSpM+U7/bNBXC5rtOyr758jxcptiSx6ZZn5LOhPJT5WWxPAGDV8dw==",
      "dev": true,
      "requires": {
        "ip-regex": "^5.0.0"
      }
    },
    "cidr-tools": {
      "version": "6.4.2",
      "resolved": "https://registry.npmjs.org/cidr-tools/-/cidr-tools-6.4.2.tgz",
      "integrity": "sha512-KZC8t2ipCqU2M+ISmTxRDGu9bku5MRU3V1cWyGEFJTZEzRhGvBJvVsbpZO5UAu12fExRFihtYGXAlgFFpmK9jw==",
      "dev": true,
      "requires": {
        "cidr-regex": "4.0.3",
        "ip-bigint": "7.3.0",
        "ip-regex": "5.0.0",
        "string-natural-compare": "3.0.1"
      }
    },
    "clone-regexp": {
      "version": "3.0.0",
      "resolved": "https://registry.npmjs.org/clone-regexp/-/clone-regexp-3.0.0.tgz",
      "integrity": "sha512-ujdnoq2Kxb8s3ItNBtnYeXdm07FcU0u8ARAT1lQ2YdMwQC+cdiXX8KoqMVuglztILivceTtp4ivqGSmEmhBUJw==",
      "dev": true,
      "requires": {
        "is-regexp": "^3.0.0"
      }
    },
    "convert-hrtime": {
      "version": "5.0.0",
      "resolved": "https://registry.npmjs.org/convert-hrtime/-/convert-hrtime-5.0.0.tgz",
      "integrity": "sha512-lOETlkIeYSJWcbbcvjRKGxVMXJR+8+OQb/mTPbA4ObPMytYIsUbuOE0Jzy60hjARYszq1id0j8KgVhC+WGZVTg==",
      "dev": true
    },
    "cross-spawn": {
      "version": "7.0.3",
      "resolved": "https://registry.npmjs.org/cross-spawn/-/cross-spawn-7.0.3.tgz",
      "integrity": "sha512-iRDPJKUPVEND7dHPO8rkbOnPpyDygcDFtWjpeWNCgy8WP2rXcxXL8TskReQl6OrB2G7+UJrags1q15Fudc7G6w==",
      "dev": true,
      "requires": {
        "path-key": "^3.1.0",
        "shebang-command": "^2.0.0",
        "which": "^2.0.1"
      }
    },
    "default-gateway": {
      "version": "7.2.2",
      "resolved": "https://registry.npmjs.org/default-gateway/-/default-gateway-7.2.2.tgz",
      "integrity": "sha512-AD7TrdNNPXRZIGw63dw+lnGmT4v7ggZC5NHNJgAYWm5njrwoze1q5JSAW9YuLy2tjnoLUG/r8FEB93MCh9QJPg==",
      "dev": true,
      "requires": {
        "execa": "^7.1.1"
      }
    },
    "execa": {
      "version": "7.2.0",
      "resolved": "https://registry.npmjs.org/execa/-/execa-7.2.0.tgz",
      "integrity": "sha512-UduyVP7TLB5IcAQl+OzLyLcS/l32W/GLg+AhHJ+ow40FOk2U3SAllPwR44v4vmdFwIWqpdwxxpQbF1n5ta9seA==",
      "dev": true,
      "requires": {
        "cross-spawn": "^7.0.3",
        "get-stream": "^6.0.1",
        "human-signals": "^4.3.0",
        "is-stream": "^3.0.0",
        "merge-stream": "^2.0.0",
        "npm-run-path": "^5.1.0",
        "onetime": "^6.0.0",
        "signal-exit": "^3.0.7",
        "strip-final-newline": "^3.0.0"
      }
    },
    "function-timeout": {
      "version": "0.1.1",
      "resolved": "https://registry.npmjs.org/function-timeout/-/function-timeout-0.1.1.tgz",
      "integrity": "sha512-0NVVC0TaP7dSTvn1yMiy6d6Q8gifzbvQafO46RtLG/kHJUBNd+pVRGOBoK44wNBvtSPUJRfdVvkFdD3p0xvyZg==",
      "dev": true
    },
    "get-stream": {
      "version": "6.0.1",
      "resolved": "https://registry.npmjs.org/get-stream/-/get-stream-6.0.1.tgz",
      "integrity": "sha512-ts6Wi+2j3jQjqi70w5AlN8DFnkSwC+MqmxEzdEALB2qXZYV3X/b1CTfgPLGJNMeAWxdPfU8FO1ms3NUfaHCPYg==",
      "dev": true
    },
    "human-signals": {
      "version": "4.3.1",
      "resolved": "https://registry.npmjs.org/human-signals/-/human-signals-4.3.1.tgz",
      "integrity": "sha512-nZXjEF2nbo7lIw3mgYjItAfgQXog3OjJogSbKa2CQIIvSGWcKgeJnQlNXip6NglNzYH45nSRiEVimMvYL8DDqQ==",
      "dev": true
    },
    "internal-ip": {
      "version": "8.0.0",
      "resolved": "https://registry.npmjs.org/internal-ip/-/internal-ip-8.0.0.tgz",
      "integrity": "sha512-e6c3zxr9COnnc29PIz9LffmALOt0XhIJdR7f83DyHcQksL3B40KGmU3Sr1lrHja3i7Zyqo+AbwKZ+nZiMvg/OA==",
      "dev": true,
      "requires": {
        "cidr-tools": "^6.4.1",
        "default-gateway": "^7.2.2",
        "is-ip": "^5.0.0",
        "p-event": "^5.0.1"
      }
    },
    "ip-bigint": {
      "version": "7.3.0",
      "resolved": "https://registry.npmjs.org/ip-bigint/-/ip-bigint-7.3.0.tgz",
      "integrity": "sha512-2qVAe0Q9+Y+5nGvmogwK9y4kefD5Ks5l/IG0Jo1lhU9gIF34jifhqrwXwzkIl+LC594Q6SyAlngs4p890xsXVw==",
      "dev": true
    },
    "ip-regex": {
      "version": "5.0.0",
      "resolved": "https://registry.npmjs.org/ip-regex/-/ip-regex-5.0.0.tgz",
      "integrity": "sha512-fOCG6lhoKKakwv+C6KdsOnGvgXnmgfmp0myi3bcNwj3qfwPAxRKWEuFhvEFF7ceYIz6+1jRZ+yguLFAmUNPEfw==",
      "dev": true
    },
    "is-ip": {
      "version": "5.0.1",
      "resolved": "https://registry.npmjs.org/is-ip/-/is-ip-5.0.1.tgz",
      "integrity": "sha512-FCsGHdlrOnZQcp0+XT5a+pYowf33itBalCl+7ovNXC/7o5BhIpG14M3OrpPPdBSIQJCm+0M5+9mO7S9VVTTCFw==",
      "dev": true,
      "requires": {
        "ip-regex": "^5.0.0",
        "super-regex": "^0.2.0"
      }
    },
    "is-regexp": {
      "version": "3.1.0",
      "resolved": "https://registry.npmjs.org/is-regexp/-/is-regexp-3.1.0.tgz",
      "integrity": "sha512-rbku49cWloU5bSMI+zaRaXdQHXnthP6DZ/vLnfdSKyL4zUzuWnomtOEiZZOd+ioQ+avFo/qau3KPTc7Fjy1uPA==",
      "dev": true
    },
    "is-stream": {
      "version": "3.0.0",
      "resolved": "https://registry.npmjs.org/is-stream/-/is-stream-3.0.0.tgz",
      "integrity": "sha512-LnQR4bZ9IADDRSkvpqMGvt/tEJWclzklNgSw48V5EAaAeDd6qGvN8ei6k5p0tvxSR171VmGyHuTiAOfxAbr8kA==",
      "dev": true
    },
    "isexe": {
      "version": "2.0.0",
      "resolved": "https://registry.npmjs.org/isexe/-/isexe-2.0.0.tgz",
      "integrity": "sha512-RHxMLp9lnKHGHRng9QFhRCMbYAcVpn69smSGcq3f36xjgVVWThj4qqLbTLlq7Ssj8B+fIQ1EuCEGI2lKsyQeIw==",
      "dev": true
    },
    "merge-stream": {
      "version": "2.0.0",
      "resolved": "https://registry.npmjs.org/merge-stream/-/merge-stream-2.0.0.tgz",
      "integrity": "sha512-abv/qOcuPfk3URPfDzmZU1LKmuw8kT+0nIHvKrKgFrwifol/doWcdA4ZqsWQ8ENrFKkd67Mfpo/LovbIUsbt3w==",
      "dev": true
    },
    "mimic-fn": {
      "version": "4.0.0",
      "resolved": "https://registry.npmjs.org/mimic-fn/-/mimic-fn-4.0.0.tgz",
      "integrity": "sha512-vqiC06CuhBTUdZH+RYl8sFrL096vA45Ok5ISO6sE/Mr1jRbGH4Csnhi8f3wKVl7x8mO4Au7Ir9D3Oyv1VYMFJw==",
      "dev": true
    },
    "npm-run-path": {
      "version": "5.2.0",
      "resolved": "https://registry.npmjs.org/npm-run-path/-/npm-run-path-5.2.0.tgz",
      "integrity": "sha512-W4/tgAXFqFA0iL7fk0+uQ3g7wkL8xJmx3XdK0VGb4cHW//eZTtKGvFBBoRKVTpY7n6ze4NL9ly7rgXcHufqXKg==",
      "dev": true,
      "requires": {
        "path-key": "^4.0.0"
      },
      "dependencies": {
        "path-key": {
          "version": "4.0.0",
          "resolved": "https://registry.npmjs.org/path-key/-/path-key-4.0.0.tgz",
          "integrity": "sha512-haREypq7xkM7ErfgIyA0z+Bj4AGKlMSdlQE2jvJo6huWD1EdkKYV+G/T4nq0YEF2vgTT8kqMFKo1uHn950r4SQ==",
          "dev": true
        }
      }
    },
    "onetime": {
      "version": "6.0.0",
      "resolved": "https://registry.npmjs.org/onetime/-/onetime-6.0.0.tgz",
      "integrity": "sha512-1FlR+gjXK7X+AsAHso35MnyN5KqGwJRi/31ft6x0M194ht7S+rWAvd7PHss9xSKMzE0asv1pyIHaJYq+BbacAQ==",
      "dev": true,
      "requires": {
        "mimic-fn": "^4.0.0"
      }
    },
    "p-event": {
      "version": "5.0.1",
      "resolved": "https://registry.npmjs.org/p-event/-/p-event-5.0.1.tgz",
      "integrity": "sha512-dd589iCQ7m1L0bmC5NLlVYfy3TbBEsMUfWx9PyAgPeIcFZ/E2yaTZ4Rz4MiBmmJShviiftHVXOqfnfzJ6kyMrQ==",
      "dev": true,
      "requires": {
        "p-timeout": "^5.0.2"
      }
    },
    "p-timeout": {
      "version": "5.1.0",
      "resolved": "https://registry.npmjs.org/p-timeout/-/p-timeout-5.1.0.tgz",
      "integrity": "sha512-auFDyzzzGZZZdHz3BtET9VEz0SE/uMEAx7uWfGPucfzEwwe/xH0iVeZibQmANYE/hp9T2+UUZT5m+BKyrDp3Ew==",
      "dev": true
    },
    "path-key": {
      "version": "3.1.1",
      "resolved": "https://registry.npmjs.org/path-key/-/path-key-3.1.1.tgz",
      "integrity": "sha512-ojmeN0qd+y0jszEtoY48r0Peq5dwMEkIlCOu6Q5f41lfkswXuKtYrhgoTpLnyIcHm24Uhqx+5Tqm2InSwLhE6Q==",
      "dev": true
    },
    "shebang-command": {
      "version": "2.0.0",
      "resolved": "https://registry.npmjs.org/shebang-command/-/shebang-command-2.0.0.tgz",
      "integrity": "sha512-kHxr2zZpYtdmrN1qDjrrX/Z1rR1kG8Dx+gkpK1G4eXmvXswmcE1hTWBWYUzlraYw1/yZp6YuDY77YtvbN0dmDA==",
      "dev": true,
      "requires": {
        "shebang-regex": "^3.0.0"
      }
    },
    "shebang-regex": {
      "version": "3.0.0",
      "resolved": "https://registry.npmjs.org/shebang-regex/-/shebang-regex-3.0.0.tgz",
      "integrity": "sha512-7++dFhtcx3353uBaq8DDR4NuxBetBzC7ZQOhmTQInHEd6bSrXdiEyzCvG07Z44UYdLShWUyXt5M/yhz8ekcb1A==",
      "dev": true
    },
    "signal-exit": {
      "version": "3.0.7",
      "resolved": "https://registry.npmjs.org/signal-exit/-/signal-exit-3.0.7.tgz",
      "integrity": "sha512-wnD2ZE+l+SPC/uoS0vXeE9L1+0wuaMqKlfz9AMUo38JsyLSBWSFcHR1Rri62LZc12vLr1gb3jl7iwQhgwpAbGQ==",
      "dev": true
    },
    "string-natural-compare": {
      "version": "3.0.1",
      "resolved": "https://registry.npmjs.org/string-natural-compare/-/string-natural-compare-3.0.1.tgz",
      "integrity": "sha512-n3sPwynL1nwKi3WJ6AIsClwBMa0zTi54fn2oLU6ndfTSIO05xaznjSf15PcBZU6FNWbmN5Q6cxT4V5hGvB4taw==",
      "dev": true
    },
    "strip-final-newline": {
      "version": "3.0.0",
      "resolved": "https://registry.npmjs.org/strip-final-newline/-/strip-final-newline-3.0.0.tgz",
      "integrity": "sha512-dOESqjYr96iWYylGObzd39EuNTa5VJxyvVAEm5Jnh7KGo75V43Hk1odPQkNDyXNmUR6k+gEiDVXnjB8HJ3crXw==",
      "dev": true
    },
    "super-regex": {
      "version": "0.2.0",
      "resolved": "https://registry.npmjs.org/super-regex/-/super-regex-0.2.0.tgz",
      "integrity": "sha512-WZzIx3rC1CvbMDloLsVw0lkZVKJWbrkJ0k1ghKFmcnPrW1+jWbgTkTEWVtD9lMdmI4jZEz40+naBxl1dCUhXXw==",
      "dev": true,
      "requires": {
        "clone-regexp": "^3.0.0",
        "function-timeout": "^0.1.0",
        "time-span": "^5.1.0"
      }
    },
    "time-span": {
      "version": "5.1.0",
      "resolved": "https://registry.npmjs.org/time-span/-/time-span-5.1.0.tgz",
      "integrity": "sha512-75voc/9G4rDIJleOo4jPvN4/YC4GRZrY8yy1uU4lwrB3XEQbWve8zXoO5No4eFrGcTAMYyoY67p8jRQdtA1HbA==",
      "dev": true,
      "requires": {
        "convert-hrtime": "^5.0.0"
      }
    },
    "which": {
      "version": "2.0.2",
      "resolved": "https://registry.npmjs.org/which/-/which-2.0.2.tgz",
      "integrity": "sha512-BLI3Tl1TW3Pvl70l3yq3Y64i+awpwXqsGBYWkkqMtnbXgrMD+yj7rhW0kuEDxzJaYXGjEW5ogapKNMEKNMjibA==",
      "dev": true,
      "requires": {
        "isexe": "^2.0.0"
      }
    }
  }
}
